
Microsoft Visual Studio Solution File, Format Version 12.00
Project("{FAE04EC0-301F-11D3-BF4B-00C04F79EFBC}") = "RGBDReconstruction.Application", "RGBDReconstruction.Application\RGBDReconstruction.Application.csproj", "{FF2A5E50-2C15-4DD1-ADFA-999AE5128C1B}"
EndProject
Global
	GlobalSection(SolutionConfigurationPlatforms) = preSolution
		Debug|Any CPU = Debug|Any CPU
		Release|Any CPU = Release|Any CPU
	EndGlobalSection
	GlobalSection(ProjectConfigurationPlatforms) = postSolution
		{FF2A5E50-2C15-4DD1-ADFA-999AE5128C1B}.Debug|Any CPU.ActiveCfg = Debug|Any CPU
		{FF2A5E50-2C15-4DD1-ADFA-999AE5128C1B}.Debug|Any CPU.Build.0 = Debug|Any CPU
		{FF2A5E50-2C15-4DD1-ADFA-999AE5128C1B}.Release|Any CPU.ActiveCfg = Release|Any CPU
		{FF2A5E50-2C15-4DD1-ADFA-999AE5128C1B}.Release|Any CPU.Build.0 = Release|Any CPU
	EndGlobalSection
EndGlobal
