
Microsoft Visual Studio Solution File, Format Version 12.00
Project("{FAE04EC0-301F-11D3-BF4B-00C04F79EFBC}") = "RGBDReconstruction.Application", "RGBDReconstruction.Application\RGBDReconstruction.Application.csproj", "{FF2A5E50-2C15-4DD1-ADFA-999AE5128C1B}"
EndProject
Project("{FAE04EC0-301F-11D3-BF4B-00C04F79EFBC}") = "RGBDReconstruction.Strategies", "RGBDReconstruction.Strategies\RGBDReconstruction.Strategies.csproj", "{0DF3F1B4-DE05-4012-B7E6-7A1AFA97383C}"
EndProject
Project("{FAE04EC0-301F-11D3-BF4B-00C04F79EFBC}") = "OpenTKDowngradeHelper", "OpenTKDowngradeHelper\OpenTKDowngradeHelper.csproj", "{9FA8DBBC-EBAA-4BF5-A86C-A86BC700A6B3}"
EndProject
Project("{FAE04EC0-301F-11D3-BF4B-00C04F79EFBC}") = "Geometry", "Geometry\Geometry.csproj", "{E6BC00C7-9D4F-481F-9909-E10A084389EA}"
EndProject
Project("{FAE04EC0-301F-11D3-BF4B-00C04F79EFBC}") = "VideoHandler", "VideoHandler\VideoHandler.csproj", "{536175A9-63E4-48CD-B992-1082FF484DCE}"
EndProject
Global
	GlobalSection(SolutionConfigurationPlatforms) = preSolution
		Debug|Any CPU = Debug|Any CPU
		Release|Any CPU = Release|Any CPU
	EndGlobalSection
	GlobalSection(ProjectConfigurationPlatforms) = postSolution
		{FF2A5E50-2C15-4DD1-ADFA-999AE5128C1B}.Debug|Any CPU.ActiveCfg = Debug|Any CPU
		{FF2A5E50-2C15-4DD1-ADFA-999AE5128C1B}.Debug|Any CPU.Build.0 = Debug|Any CPU
		{FF2A5E50-2C15-4DD1-ADFA-999AE5128C1B}.Release|Any CPU.ActiveCfg = Release|Any CPU
		{FF2A5E50-2C15-4DD1-ADFA-999AE5128C1B}.Release|Any CPU.Build.0 = Release|Any CPU
		{0DF3F1B4-DE05-4012-B7E6-7A1AFA97383C}.Debug|Any CPU.ActiveCfg = Debug|Any CPU
		{0DF3F1B4-DE05-4012-B7E6-7A1AFA97383C}.Debug|Any CPU.Build.0 = Debug|Any CPU
		{0DF3F1B4-DE05-4012-B7E6-7A1AFA97383C}.Release|Any CPU.ActiveCfg = Release|Any CPU
		{0DF3F1B4-DE05-4012-B7E6-7A1AFA97383C}.Release|Any CPU.Build.0 = Release|Any CPU
		{9FA8DBBC-EBAA-4BF5-A86C-A86BC700A6B3}.Debug|Any CPU.ActiveCfg = Debug|Any CPU
		{9FA8DBBC-EBAA-4BF5-A86C-A86BC700A6B3}.Debug|Any CPU.Build.0 = Debug|Any CPU
		{9FA8DBBC-EBAA-4BF5-A86C-A86BC700A6B3}.Release|Any CPU.ActiveCfg = Release|Any CPU
		{9FA8DBBC-EBAA-4BF5-A86C-A86BC700A6B3}.Release|Any CPU.Build.0 = Release|Any CPU
		{E6BC00C7-9D4F-481F-9909-E10A084389EA}.Debug|Any CPU.ActiveCfg = Debug|Any CPU
		{E6BC00C7-9D4F-481F-9909-E10A084389EA}.Debug|Any CPU.Build.0 = Debug|Any CPU
		{E6BC00C7-9D4F-481F-9909-E10A084389EA}.Release|Any CPU.ActiveCfg = Release|Any CPU
		{E6BC00C7-9D4F-481F-9909-E10A084389EA}.Release|Any CPU.Build.0 = Release|Any CPU
		{536175A9-63E4-48CD-B992-1082FF484DCE}.Debug|Any CPU.ActiveCfg = Debug|Any CPU
		{536175A9-63E4-48CD-B992-1082FF484DCE}.Debug|Any CPU.Build.0 = Debug|Any CPU
		{536175A9-63E4-48CD-B992-1082FF484DCE}.Release|Any CPU.ActiveCfg = Release|Any CPU
		{536175A9-63E4-48CD-B992-1082FF484DCE}.Release|Any CPU.Build.0 = Release|Any CPU
	EndGlobalSection
EndGlobal
